
Microsoft Visual Studio Solution File, Format Version 12.00
# Visual Studio 15
Project("{FAE04EC0-301F-11D3-BF4B-00C04F79EFBC}") = "Zenject", "Zenject.csproj", "{EBD19C89-7041-59D4-11CA-DB1632E57F13}"
EndProject
Project("{FAE04EC0-301F-11D3-BF4B-00C04F79EFBC}") = "Zenject-IntegrationTests", "Zenject-IntegrationTests.csproj", "{109FA3E5-75A4-7B99-1034-075F4733BF07}"
EndProject
Project("{FAE04EC0-301F-11D3-BF4B-00C04F79EFBC}") = "Zenject-IntegrationTests-Editor", "Zenject-IntegrationTests-Editor.csproj", "{FB130020-935B-A617-77C7-3BF200EAF9F1}"
EndProject
Project("{FAE04EC0-301F-11D3-BF4B-00C04F79EFBC}") = "LightFencing", "LightFencing.csproj", "{58D24B14-C87F-A472-DCCB-78C497E1666A}"
EndProject
Project("{FAE04EC0-301F-11D3-BF4B-00C04F79EFBC}") = "UniTask", "UniTask.csproj", "{754DF85D-8FDF-E5FB-FCDC-F6993362C2D0}"
EndProject
Project("{FAE04EC0-301F-11D3-BF4B-00C04F79EFBC}") = "Zenject-ReflectionBaking-Editor", "Zenject-ReflectionBaking-Editor.csproj", "{37E18359-2296-3592-9A98-06F2E205C2A0}"
EndProject
Project("{FAE04EC0-301F-11D3-BF4B-00C04F79EFBC}") = "Zenject-UnitTests-Editor", "Zenject-UnitTests-Editor.csproj", "{57AA2FFD-2BB7-FD9B-757B-AFEC24784C84}"
EndProject
Project("{FAE04EC0-301F-11D3-BF4B-00C04F79EFBC}") = "Zenject-Editor", "Zenject-Editor.csproj", "{57B38274-814E-31B0-B0E2-752E653FC920}"
EndProject
Project("{FAE04EC0-301F-11D3-BF4B-00C04F79EFBC}") = "UniTask.Linq", "UniTask.Linq.csproj", "{B0562C6B-8677-9FDA-CFCB-D2DD07B316B0}"
EndProject
Project("{FAE04EC0-301F-11D3-BF4B-00C04F79EFBC}") = "Unity.XR.Interaction.Toolkit.Samples.Hands", "Unity.XR.Interaction.Toolkit.Samples.Hands.csproj", "{F92EA096-9099-B658-D534-DAF78C217ECC}"
EndProject
Project("{FAE04EC0-301F-11D3-BF4B-00C04F79EFBC}") = "Unity.XR.Interaction.Toolkit.Samples.StarterAssets", "Unity.XR.Interaction.Toolkit.Samples.StarterAssets.csproj", "{7DB9872E-6C84-2409-A14C-642F68CDE45A}"
EndProject
Project("{FAE04EC0-301F-11D3-BF4B-00C04F79EFBC}") = "Zenject-TestFramework", "Zenject-TestFramework.csproj", "{E8A9EDA2-C3A2-7468-C5C7-1CFE0DDBD1D4}"
EndProject
Project("{FAE04EC0-301F-11D3-BF4B-00C04F79EFBC}") = "Zenject-PoolMonitor-Editor", "Zenject-PoolMonitor-Editor.csproj", "{A14F0249-FB2F-99DF-21A3-FFB377DD1445}"
EndProject
Project("{FAE04EC0-301F-11D3-BF4B-00C04F79EFBC}") = "UniTask.TextMeshPro", "UniTask.TextMeshPro.csproj", "{BABF4A7D-1F89-D3DD-928F-82565F34E8D2}"
EndProject
Project("{FAE04EC0-301F-11D3-BF4B-00C04F79EFBC}") = "Unity.XR.Hands.Samples.VisualizerSample", "Unity.XR.Hands.Samples.VisualizerSample.csproj", "{CA72FFD1-BFCA-5B4C-C54A-5585BF30D51D}"
EndProject
Project("{FAE04EC0-301F-11D3-BF4B-00C04F79EFBC}") = "Unity.XR.Interaction.Toolkit.Samples.Hands.Editor", "Unity.XR.Interaction.Toolkit.Samples.Hands.Editor.csproj", "{1930C25B-55B0-2C2F-B8B3-3166D658EFB5}"
EndProject
Project("{FAE04EC0-301F-11D3-BF4B-00C04F79EFBC}") = "UniTask.Addressables", "UniTask.Addressables.csproj", "{AE1CBCE8-B78F-7FAA-97B4-51924C5045D6}"
EndProject
Project("{FAE04EC0-301F-11D3-BF4B-00C04F79EFBC}") = "UniTask.Editor", "UniTask.Editor.csproj", "{D8A3D6B4-B218-D2F6-DD76-391DB3CF515B}"
EndProject
Project("{FAE04EC0-301F-11D3-BF4B-00C04F79EFBC}") = "Agred.Nrjwolf.Tools.Editor.AttachAttributes", "Agred.Nrjwolf.Tools.Editor.AttachAttributes.csproj", "{DDFFD625-4515-71C0-2B3D-413DA653C98E}"
EndProject
Project("{FAE04EC0-301F-11D3-BF4B-00C04F79EFBC}") = "Agred.Nrjwolf.Tools.AttachAttributes", "Agred.Nrjwolf.Tools.AttachAttributes.csproj", "{5CB26D1E-47D0-59B8-DA59-D41A9C624929}"
EndProject
Project("{FAE04EC0-301F-11D3-BF4B-00C04F79EFBC}") = "UniTask.DOTween", "UniTask.DOTween.csproj", "{E1399F89-7661-D346-6E9D-0B73CA282825}"
EndProject
Project("{FAE04EC0-301F-11D3-BF4B-00C04F79EFBC}") = "Unity.XR.Interaction.Toolkit.Samples.StarterAssets.Editor", "Unity.XR.Interaction.Toolkit.Samples.StarterAssets.Editor.csproj", "{F8DD3912-4D1E-5FD8-0865-B1E684D012B6}"
EndProject
Project("{FAE04EC0-301F-11D3-BF4B-00C04F79EFBC}") = "Zenject", "Zenject.Player.csproj", "{E0B50838-BF29-B170-662B-36E5E8D58076}"
EndProject
Project("{FAE04EC0-301F-11D3-BF4B-00C04F79EFBC}") = "Zenject-IntegrationTests", "Zenject-IntegrationTests.Player.csproj", "{A330BEDF-01AA-1355-FE0C-642D35F152A1}"
EndProject
Project("{FAE04EC0-301F-11D3-BF4B-00C04F79EFBC}") = "Zenject-IntegrationTests-Editor", "Zenject-IntegrationTests-Editor.Player.csproj", "{FC8161C4-9C0C-E10F-0FA9-1D890942278E}"
EndProject
Project("{FAE04EC0-301F-11D3-BF4B-00C04F79EFBC}") = "LightFencing", "LightFencing.Player.csproj", "{33C5A3E7-E450-2DA3-329D-B5B775F0B71C}"
EndProject
Project("{FAE04EC0-301F-11D3-BF4B-00C04F79EFBC}") = "UniTask", "UniTask.Player.csproj", "{DF2ADC93-1F69-73ED-E91A-C374631174B3}"
EndProject
Project("{FAE04EC0-301F-11D3-BF4B-00C04F79EFBC}") = "UniTask.Linq", "UniTask.Linq.Player.csproj", "{B99D5527-383F-C0C5-0C34-44FAB7537C48}"
EndProject
Project("{FAE04EC0-301F-11D3-BF4B-00C04F79EFBC}") = "Unity.XR.Interaction.Toolkit.Samples.Hands", "Unity.XR.Interaction.Toolkit.Samples.Hands.Player.csproj", "{0CFD0226-6FF6-8E65-CD0C-151DDF3B0B20}"
EndProject
Project("{FAE04EC0-301F-11D3-BF4B-00C04F79EFBC}") = "Unity.XR.Interaction.Toolkit.Samples.StarterAssets", "Unity.XR.Interaction.Toolkit.Samples.StarterAssets.Player.csproj", "{B940F42A-1407-8288-13B5-8EDA163B0916}"
EndProject
Project("{FAE04EC0-301F-11D3-BF4B-00C04F79EFBC}") = "UniTask.TextMeshPro", "UniTask.TextMeshPro.Player.csproj", "{4324AFAB-4CEE-008B-E98D-494EF6D649DB}"
EndProject
Project("{FAE04EC0-301F-11D3-BF4B-00C04F79EFBC}") = "Unity.XR.Hands.Samples.VisualizerSample", "Unity.XR.Hands.Samples.VisualizerSample.Player.csproj", "{975F5877-8ED8-A5E5-37F6-28DED3CB7CA8}"
EndProject
Project("{FAE04EC0-301F-11D3-BF4B-00C04F79EFBC}") = "UniTask.Addressables", "UniTask.Addressables.Player.csproj", "{CCFD7A66-4D46-A398-A97E-911030B1F2B0}"
EndProject
Project("{FAE04EC0-301F-11D3-BF4B-00C04F79EFBC}") = "Agred.Nrjwolf.Tools.AttachAttributes", "Agred.Nrjwolf.Tools.AttachAttributes.Player.csproj", "{5940698B-5337-EA3D-6E1E-9F57C909584C}"
EndProject
Project("{FAE04EC0-301F-11D3-BF4B-00C04F79EFBC}") = "UniTask.DOTween", "UniTask.DOTween.Player.csproj", "{C7224B14-398F-C56E-7DA9-450C22837AA0}"
EndProject
Global
	GlobalSection(SolutionConfigurationPlatforms) = preSolution
		Debug|Any CPU = Debug|Any CPU
		Release|Any CPU = Release|Any CPU
	EndGlobalSection
	GlobalSection(ProjectConfigurationPlatforms) = postSolution
		{EBD19C89-7041-59D4-11CA-DB1632E57F13}.Debug|Any CPU.ActiveCfg = Debug|Any CPU
		{EBD19C89-7041-59D4-11CA-DB1632E57F13}.Debug|Any CPU.Build.0 = Debug|Any CPU
		{EBD19C89-7041-59D4-11CA-DB1632E57F13}.Release|Any CPU.ActiveCfg = Release|Any CPU
		{EBD19C89-7041-59D4-11CA-DB1632E57F13}.Release|Any CPU.Build.0 = Release|Any CPU
		{109FA3E5-75A4-7B99-1034-075F4733BF07}.Debug|Any CPU.ActiveCfg = Debug|Any CPU
		{109FA3E5-75A4-7B99-1034-075F4733BF07}.Debug|Any CPU.Build.0 = Debug|Any CPU
		{109FA3E5-75A4-7B99-1034-075F4733BF07}.Release|Any CPU.ActiveCfg = Release|Any CPU
		{109FA3E5-75A4-7B99-1034-075F4733BF07}.Release|Any CPU.Build.0 = Release|Any CPU
		{FB130020-935B-A617-77C7-3BF200EAF9F1}.Debug|Any CPU.ActiveCfg = Debug|Any CPU
		{FB130020-935B-A617-77C7-3BF200EAF9F1}.Debug|Any CPU.Build.0 = Debug|Any CPU
		{FB130020-935B-A617-77C7-3BF200EAF9F1}.Release|Any CPU.ActiveCfg = Release|Any CPU
		{FB130020-935B-A617-77C7-3BF200EAF9F1}.Release|Any CPU.Build.0 = Release|Any CPU
		{58D24B14-C87F-A472-DCCB-78C497E1666A}.Debug|Any CPU.ActiveCfg = Debug|Any CPU
		{58D24B14-C87F-A472-DCCB-78C497E1666A}.Debug|Any CPU.Build.0 = Debug|Any CPU
		{58D24B14-C87F-A472-DCCB-78C497E1666A}.Release|Any CPU.ActiveCfg = Release|Any CPU
		{58D24B14-C87F-A472-DCCB-78C497E1666A}.Release|Any CPU.Build.0 = Release|Any CPU
		{754DF85D-8FDF-E5FB-FCDC-F6993362C2D0}.Debug|Any CPU.ActiveCfg = Debug|Any CPU
		{754DF85D-8FDF-E5FB-FCDC-F6993362C2D0}.Debug|Any CPU.Build.0 = Debug|Any CPU
		{754DF85D-8FDF-E5FB-FCDC-F6993362C2D0}.Release|Any CPU.ActiveCfg = Release|Any CPU
		{754DF85D-8FDF-E5FB-FCDC-F6993362C2D0}.Release|Any CPU.Build.0 = Release|Any CPU
		{37E18359-2296-3592-9A98-06F2E205C2A0}.Debug|Any CPU.ActiveCfg = Debug|Any CPU
		{37E18359-2296-3592-9A98-06F2E205C2A0}.Debug|Any CPU.Build.0 = Debug|Any CPU
		{37E18359-2296-3592-9A98-06F2E205C2A0}.Release|Any CPU.ActiveCfg = Release|Any CPU
		{37E18359-2296-3592-9A98-06F2E205C2A0}.Release|Any CPU.Build.0 = Release|Any CPU
		{57AA2FFD-2BB7-FD9B-757B-AFEC24784C84}.Debug|Any CPU.ActiveCfg = Debug|Any CPU
		{57AA2FFD-2BB7-FD9B-757B-AFEC24784C84}.Debug|Any CPU.Build.0 = Debug|Any CPU
		{57AA2FFD-2BB7-FD9B-757B-AFEC24784C84}.Release|Any CPU.ActiveCfg = Release|Any CPU
		{57AA2FFD-2BB7-FD9B-757B-AFEC24784C84}.Release|Any CPU.Build.0 = Release|Any CPU
		{57B38274-814E-31B0-B0E2-752E653FC920}.Debug|Any CPU.ActiveCfg = Debug|Any CPU
		{57B38274-814E-31B0-B0E2-752E653FC920}.Debug|Any CPU.Build.0 = Debug|Any CPU
		{57B38274-814E-31B0-B0E2-752E653FC920}.Release|Any CPU.ActiveCfg = Release|Any CPU
		{57B38274-814E-31B0-B0E2-752E653FC920}.Release|Any CPU.Build.0 = Release|Any CPU
		{B0562C6B-8677-9FDA-CFCB-D2DD07B316B0}.Debug|Any CPU.ActiveCfg = Debug|Any CPU
		{B0562C6B-8677-9FDA-CFCB-D2DD07B316B0}.Debug|Any CPU.Build.0 = Debug|Any CPU
		{B0562C6B-8677-9FDA-CFCB-D2DD07B316B0}.Release|Any CPU.ActiveCfg = Release|Any CPU
		{B0562C6B-8677-9FDA-CFCB-D2DD07B316B0}.Release|Any CPU.Build.0 = Release|Any CPU
		{F92EA096-9099-B658-D534-DAF78C217ECC}.Debug|Any CPU.ActiveCfg = Debug|Any CPU
		{F92EA096-9099-B658-D534-DAF78C217ECC}.Debug|Any CPU.Build.0 = Debug|Any CPU
		{F92EA096-9099-B658-D534-DAF78C217ECC}.Release|Any CPU.ActiveCfg = Release|Any CPU
		{F92EA096-9099-B658-D534-DAF78C217ECC}.Release|Any CPU.Build.0 = Release|Any CPU
		{7DB9872E-6C84-2409-A14C-642F68CDE45A}.Debug|Any CPU.ActiveCfg = Debug|Any CPU
		{7DB9872E-6C84-2409-A14C-642F68CDE45A}.Debug|Any CPU.Build.0 = Debug|Any CPU
		{7DB9872E-6C84-2409-A14C-642F68CDE45A}.Release|Any CPU.ActiveCfg = Release|Any CPU
		{7DB9872E-6C84-2409-A14C-642F68CDE45A}.Release|Any CPU.Build.0 = Release|Any CPU
		{E8A9EDA2-C3A2-7468-C5C7-1CFE0DDBD1D4}.Debug|Any CPU.ActiveCfg = Debug|Any CPU
		{E8A9EDA2-C3A2-7468-C5C7-1CFE0DDBD1D4}.Debug|Any CPU.Build.0 = Debug|Any CPU
		{E8A9EDA2-C3A2-7468-C5C7-1CFE0DDBD1D4}.Release|Any CPU.ActiveCfg = Release|Any CPU
		{E8A9EDA2-C3A2-7468-C5C7-1CFE0DDBD1D4}.Release|Any CPU.Build.0 = Release|Any CPU
		{A14F0249-FB2F-99DF-21A3-FFB377DD1445}.Debug|Any CPU.ActiveCfg = Debug|Any CPU
		{A14F0249-FB2F-99DF-21A3-FFB377DD1445}.Debug|Any CPU.Build.0 = Debug|Any CPU
		{A14F0249-FB2F-99DF-21A3-FFB377DD1445}.Release|Any CPU.ActiveCfg = Release|Any CPU
		{A14F0249-FB2F-99DF-21A3-FFB377DD1445}.Release|Any CPU.Build.0 = Release|Any CPU
		{BABF4A7D-1F89-D3DD-928F-82565F34E8D2}.Debug|Any CPU.ActiveCfg = Debug|Any CPU
		{BABF4A7D-1F89-D3DD-928F-82565F34E8D2}.Debug|Any CPU.Build.0 = Debug|Any CPU
		{BABF4A7D-1F89-D3DD-928F-82565F34E8D2}.Release|Any CPU.ActiveCfg = Release|Any CPU
		{BABF4A7D-1F89-D3DD-928F-82565F34E8D2}.Release|Any CPU.Build.0 = Release|Any CPU
		{CA72FFD1-BFCA-5B4C-C54A-5585BF30D51D}.Debug|Any CPU.ActiveCfg = Debug|Any CPU
		{CA72FFD1-BFCA-5B4C-C54A-5585BF30D51D}.Debug|Any CPU.Build.0 = Debug|Any CPU
		{CA72FFD1-BFCA-5B4C-C54A-5585BF30D51D}.Release|Any CPU.ActiveCfg = Release|Any CPU
		{CA72FFD1-BFCA-5B4C-C54A-5585BF30D51D}.Release|Any CPU.Build.0 = Release|Any CPU
		{1930C25B-55B0-2C2F-B8B3-3166D658EFB5}.Debug|Any CPU.ActiveCfg = Debug|Any CPU
		{1930C25B-55B0-2C2F-B8B3-3166D658EFB5}.Debug|Any CPU.Build.0 = Debug|Any CPU
		{1930C25B-55B0-2C2F-B8B3-3166D658EFB5}.Release|Any CPU.ActiveCfg = Release|Any CPU
		{1930C25B-55B0-2C2F-B8B3-3166D658EFB5}.Release|Any CPU.Build.0 = Release|Any CPU
		{AE1CBCE8-B78F-7FAA-97B4-51924C5045D6}.Debug|Any CPU.ActiveCfg = Debug|Any CPU
		{AE1CBCE8-B78F-7FAA-97B4-51924C5045D6}.Debug|Any CPU.Build.0 = Debug|Any CPU
		{AE1CBCE8-B78F-7FAA-97B4-51924C5045D6}.Release|Any CPU.ActiveCfg = Release|Any CPU
		{AE1CBCE8-B78F-7FAA-97B4-51924C5045D6}.Release|Any CPU.Build.0 = Release|Any CPU
		{D8A3D6B4-B218-D2F6-DD76-391DB3CF515B}.Debug|Any CPU.ActiveCfg = Debug|Any CPU
		{D8A3D6B4-B218-D2F6-DD76-391DB3CF515B}.Debug|Any CPU.Build.0 = Debug|Any CPU
		{D8A3D6B4-B218-D2F6-DD76-391DB3CF515B}.Release|Any CPU.ActiveCfg = Release|Any CPU
		{D8A3D6B4-B218-D2F6-DD76-391DB3CF515B}.Release|Any CPU.Build.0 = Release|Any CPU
		{DDFFD625-4515-71C0-2B3D-413DA653C98E}.Debug|Any CPU.ActiveCfg = Debug|Any CPU
		{DDFFD625-4515-71C0-2B3D-413DA653C98E}.Debug|Any CPU.Build.0 = Debug|Any CPU
		{DDFFD625-4515-71C0-2B3D-413DA653C98E}.Release|Any CPU.ActiveCfg = Release|Any CPU
		{DDFFD625-4515-71C0-2B3D-413DA653C98E}.Release|Any CPU.Build.0 = Release|Any CPU
		{5CB26D1E-47D0-59B8-DA59-D41A9C624929}.Debug|Any CPU.ActiveCfg = Debug|Any CPU
		{5CB26D1E-47D0-59B8-DA59-D41A9C624929}.Debug|Any CPU.Build.0 = Debug|Any CPU
		{5CB26D1E-47D0-59B8-DA59-D41A9C624929}.Release|Any CPU.ActiveCfg = Release|Any CPU
		{5CB26D1E-47D0-59B8-DA59-D41A9C624929}.Release|Any CPU.Build.0 = Release|Any CPU
		{E1399F89-7661-D346-6E9D-0B73CA282825}.Debug|Any CPU.ActiveCfg = Debug|Any CPU
		{E1399F89-7661-D346-6E9D-0B73CA282825}.Debug|Any CPU.Build.0 = Debug|Any CPU
		{E1399F89-7661-D346-6E9D-0B73CA282825}.Release|Any CPU.ActiveCfg = Release|Any CPU
		{E1399F89-7661-D346-6E9D-0B73CA282825}.Release|Any CPU.Build.0 = Release|Any CPU
		{F8DD3912-4D1E-5FD8-0865-B1E684D012B6}.Debug|Any CPU.ActiveCfg = Debug|Any CPU
		{F8DD3912-4D1E-5FD8-0865-B1E684D012B6}.Debug|Any CPU.Build.0 = Debug|Any CPU
		{F8DD3912-4D1E-5FD8-0865-B1E684D012B6}.Release|Any CPU.ActiveCfg = Release|Any CPU
		{F8DD3912-4D1E-5FD8-0865-B1E684D012B6}.Release|Any CPU.Build.0 = Release|Any CPU
		{E0B50838-BF29-B170-662B-36E5E8D58076}.Debug|Any CPU.ActiveCfg = Debug|Any CPU
		{E0B50838-BF29-B170-662B-36E5E8D58076}.Debug|Any CPU.Build.0 = Debug|Any CPU
		{E0B50838-BF29-B170-662B-36E5E8D58076}.Release|Any CPU.ActiveCfg = Release|Any CPU
		{E0B50838-BF29-B170-662B-36E5E8D58076}.Release|Any CPU.Build.0 = Release|Any CPU
		{A330BEDF-01AA-1355-FE0C-642D35F152A1}.Debug|Any CPU.ActiveCfg = Debug|Any CPU
		{A330BEDF-01AA-1355-FE0C-642D35F152A1}.Debug|Any CPU.Build.0 = Debug|Any CPU
		{A330BEDF-01AA-1355-FE0C-642D35F152A1}.Release|Any CPU.ActiveCfg = Release|Any CPU
		{A330BEDF-01AA-1355-FE0C-642D35F152A1}.Release|Any CPU.Build.0 = Release|Any CPU
		{FC8161C4-9C0C-E10F-0FA9-1D890942278E}.Debug|Any CPU.ActiveCfg = Debug|Any CPU
		{FC8161C4-9C0C-E10F-0FA9-1D890942278E}.Debug|Any CPU.Build.0 = Debug|Any CPU
		{FC8161C4-9C0C-E10F-0FA9-1D890942278E}.Release|Any CPU.ActiveCfg = Release|Any CPU
		{FC8161C4-9C0C-E10F-0FA9-1D890942278E}.Release|Any CPU.Build.0 = Release|Any CPU
		{33C5A3E7-E450-2DA3-329D-B5B775F0B71C}.Debug|Any CPU.ActiveCfg = Debug|Any CPU
		{33C5A3E7-E450-2DA3-329D-B5B775F0B71C}.Debug|Any CPU.Build.0 = Debug|Any CPU
		{33C5A3E7-E450-2DA3-329D-B5B775F0B71C}.Release|Any CPU.ActiveCfg = Release|Any CPU
		{33C5A3E7-E450-2DA3-329D-B5B775F0B71C}.Release|Any CPU.Build.0 = Release|Any CPU
		{DF2ADC93-1F69-73ED-E91A-C374631174B3}.Debug|Any CPU.ActiveCfg = Debug|Any CPU
		{DF2ADC93-1F69-73ED-E91A-C374631174B3}.Debug|Any CPU.Build.0 = Debug|Any CPU
		{DF2ADC93-1F69-73ED-E91A-C374631174B3}.Release|Any CPU.ActiveCfg = Release|Any CPU
		{DF2ADC93-1F69-73ED-E91A-C374631174B3}.Release|Any CPU.Build.0 = Release|Any CPU
		{B99D5527-383F-C0C5-0C34-44FAB7537C48}.Debug|Any CPU.ActiveCfg = Debug|Any CPU
		{B99D5527-383F-C0C5-0C34-44FAB7537C48}.Debug|Any CPU.Build.0 = Debug|Any CPU
		{B99D5527-383F-C0C5-0C34-44FAB7537C48}.Release|Any CPU.ActiveCfg = Release|Any CPU
		{B99D5527-383F-C0C5-0C34-44FAB7537C48}.Release|Any CPU.Build.0 = Release|Any CPU
		{0CFD0226-6FF6-8E65-CD0C-151DDF3B0B20}.Debug|Any CPU.ActiveCfg = Debug|Any CPU
		{0CFD0226-6FF6-8E65-CD0C-151DDF3B0B20}.Debug|Any CPU.Build.0 = Debug|Any CPU
		{0CFD0226-6FF6-8E65-CD0C-151DDF3B0B20}.Release|Any CPU.ActiveCfg = Release|Any CPU
		{0CFD0226-6FF6-8E65-CD0C-151DDF3B0B20}.Release|Any CPU.Build.0 = Release|Any CPU
		{B940F42A-1407-8288-13B5-8EDA163B0916}.Debug|Any CPU.ActiveCfg = Debug|Any CPU
		{B940F42A-1407-8288-13B5-8EDA163B0916}.Debug|Any CPU.Build.0 = Debug|Any CPU
		{B940F42A-1407-8288-13B5-8EDA163B0916}.Release|Any CPU.ActiveCfg = Release|Any CPU
		{B940F42A-1407-8288-13B5-8EDA163B0916}.Release|Any CPU.Build.0 = Release|Any CPU
		{4324AFAB-4CEE-008B-E98D-494EF6D649DB}.Debug|Any CPU.ActiveCfg = Debug|Any CPU
		{4324AFAB-4CEE-008B-E98D-494EF6D649DB}.Debug|Any CPU.Build.0 = Debug|Any CPU
		{4324AFAB-4CEE-008B-E98D-494EF6D649DB}.Release|Any CPU.ActiveCfg = Release|Any CPU
		{4324AFAB-4CEE-008B-E98D-494EF6D649DB}.Release|Any CPU.Build.0 = Release|Any CPU
		{975F5877-8ED8-A5E5-37F6-28DED3CB7CA8}.Debug|Any CPU.ActiveCfg = Debug|Any CPU
		{975F5877-8ED8-A5E5-37F6-28DED3CB7CA8}.Debug|Any CPU.Build.0 = Debug|Any CPU
		{975F5877-8ED8-A5E5-37F6-28DED3CB7CA8}.Release|Any CPU.ActiveCfg = Release|Any CPU
		{975F5877-8ED8-A5E5-37F6-28DED3CB7CA8}.Release|Any CPU.Build.0 = Release|Any CPU
		{CCFD7A66-4D46-A398-A97E-911030B1F2B0}.Debug|Any CPU.ActiveCfg = Debug|Any CPU
		{CCFD7A66-4D46-A398-A97E-911030B1F2B0}.Debug|Any CPU.Build.0 = Debug|Any CPU
		{CCFD7A66-4D46-A398-A97E-911030B1F2B0}.Release|Any CPU.ActiveCfg = Release|Any CPU
		{CCFD7A66-4D46-A398-A97E-911030B1F2B0}.Release|Any CPU.Build.0 = Release|Any CPU
		{5940698B-5337-EA3D-6E1E-9F57C909584C}.Debug|Any CPU.ActiveCfg = Debug|Any CPU
		{5940698B-5337-EA3D-6E1E-9F57C909584C}.Debug|Any CPU.Build.0 = Debug|Any CPU
		{5940698B-5337-EA3D-6E1E-9F57C909584C}.Release|Any CPU.ActiveCfg = Release|Any CPU
		{5940698B-5337-EA3D-6E1E-9F57C909584C}.Release|Any CPU.Build.0 = Release|Any CPU
		{C7224B14-398F-C56E-7DA9-450C22837AA0}.Debug|Any CPU.ActiveCfg = Debug|Any CPU
		{C7224B14-398F-C56E-7DA9-450C22837AA0}.Debug|Any CPU.Build.0 = Debug|Any CPU
		{C7224B14-398F-C56E-7DA9-450C22837AA0}.Release|Any CPU.ActiveCfg = Release|Any CPU
		{C7224B14-398F-C56E-7DA9-450C22837AA0}.Release|Any CPU.Build.0 = Release|Any CPU
	EndGlobalSection
	GlobalSection(SolutionProperties) = preSolution
		HideSolutionNode = FALSE
	EndGlobalSection
EndGlobal
